// !$*UTF8*$!
{
	archiveVersion = 1;
	classes = {
	};
	objectVersion = 56;
	objects = {

/* Begin PBXBuildFile section */
		BA38365429AF41D000B89E6A /* ContentMsgView.swift in Sources */ = {isa = PBXBuildFile; fileRef = BA38365329AF41D000B89E6A /* ContentMsgView.swift */; };
		BA38365629AF447300B89E6A /* MessageView.swift in Sources */ = {isa = PBXBuildFile; fileRef = BA38365529AF447300B89E6A /* MessageView.swift */; };
		BA58AA7929AF4E370017E59D /* ChatView.swift in Sources */ = {isa = PBXBuildFile; fileRef = BA58AA7829AF4E370017E59D /* ChatView.swift */; };
		BA58AA7B29AF57670017E59D /* MainView.swift in Sources */ = {isa = PBXBuildFile; fileRef = BA58AA7A29AF57670017E59D /* MainView.swift */; };
		F31552BF29ADBE7000CE5920 /* SimpleMyChatApp.swift in Sources */ = {isa = PBXBuildFile; fileRef = F31552BE29ADBE7000CE5920 /* SimpleMyChatApp.swift */; };
		F31552C129ADBE7000CE5920 /* ContentView.swift in Sources */ = {isa = PBXBuildFile; fileRef = F31552C029ADBE7000CE5920 /* ContentView.swift */; };
		F31552C329ADBE7100CE5920 /* Assets.xcassets in Resources */ = {isa = PBXBuildFile; fileRef = F31552C229ADBE7100CE5920 /* Assets.xcassets */; };
		F31552C629ADBE7100CE5920 /* Preview Assets.xcassets in Resources */ = {isa = PBXBuildFile; fileRef = F31552C529ADBE7100CE5920 /* Preview Assets.xcassets */; };
		F31552D029ADBF7B00CE5920 /* FirebaseFirestore in Frameworks */ = {isa = PBXBuildFile; productRef = F31552CF29ADBF7B00CE5920 /* FirebaseFirestore */; };
		F31552D229ADBF7B00CE5920 /* FirebaseFirestoreSwift in Frameworks */ = {isa = PBXBuildFile; productRef = F31552D129ADBF7B00CE5920 /* FirebaseFirestoreSwift */; };
		F31552D529ADC11B00CE5920 /* ChatDataManager.swift in Sources */ = {isa = PBXBuildFile; fileRef = F31552D429ADC11B00CE5920 /* ChatDataManager.swift */; };
		F31552D729ADC2FB00CE5920 /* ChatStruct.swift in Sources */ = {isa = PBXBuildFile; fileRef = F31552D629ADC2FB00CE5920 /* ChatStruct.swift */; };
		F35797A429B1D023004413B6 /* GoogleService-Info.plist in Resources */ = {isa = PBXBuildFile; fileRef = F35797A329B1D023004413B6 /* GoogleService-Info.plist */; };
/* End PBXBuildFile section */

/* Begin PBXFileReference section */
		BA38365329AF41D000B89E6A /* ContentMsgView.swift */ = {isa = PBXFileReference; lastKnownFileType = sourcecode.swift; path = ContentMsgView.swift; sourceTree = "<group>"; };
		BA38365529AF447300B89E6A /* MessageView.swift */ = {isa = PBXFileReference; lastKnownFileType = sourcecode.swift; path = MessageView.swift; sourceTree = "<group>"; };
		BA58AA7829AF4E370017E59D /* ChatView.swift */ = {isa = PBXFileReference; lastKnownFileType = sourcecode.swift; path = ChatView.swift; sourceTree = "<group>"; };
		BA58AA7A29AF57670017E59D /* MainView.swift */ = {isa = PBXFileReference; lastKnownFileType = sourcecode.swift; path = MainView.swift; sourceTree = "<group>"; };
		F31552BB29ADBE7000CE5920 /* SimpleMyChat.app */ = {isa = PBXFileReference; explicitFileType = wrapper.application; includeInIndex = 0; path = SimpleMyChat.app; sourceTree = BUILT_PRODUCTS_DIR; };
		F31552BE29ADBE7000CE5920 /* SimpleMyChatApp.swift */ = {isa = PBXFileReference; lastKnownFileType = sourcecode.swift; path = SimpleMyChatApp.swift; sourceTree = "<group>"; };
		F31552C029ADBE7000CE5920 /* ContentView.swift */ = {isa = PBXFileReference; lastKnownFileType = sourcecode.swift; path = ContentView.swift; sourceTree = "<group>"; };
		F31552C229ADBE7100CE5920 /* Assets.xcassets */ = {isa = PBXFileReference; lastKnownFileType = folder.assetcatalog; path = Assets.xcassets; sourceTree = "<group>"; };
		F31552C529ADBE7100CE5920 /* Preview Assets.xcassets */ = {isa = PBXFileReference; lastKnownFileType = folder.assetcatalog; path = "Preview Assets.xcassets"; sourceTree = "<group>"; };
		F31552D429ADC11B00CE5920 /* ChatDataManager.swift */ = {isa = PBXFileReference; lastKnownFileType = sourcecode.swift; path = ChatDataManager.swift; sourceTree = "<group>"; };
		F31552D629ADC2FB00CE5920 /* ChatStruct.swift */ = {isa = PBXFileReference; lastKnownFileType = sourcecode.swift; path = ChatStruct.swift; sourceTree = "<group>"; };
		F35797A329B1D023004413B6 /* GoogleService-Info.plist */ = {isa = PBXFileReference; fileEncoding = 4; lastKnownFileType = text.plist.xml; name = "GoogleService-Info.plist"; path = "../../../../Downloads/GoogleService-Info.plist"; sourceTree = "<group>"; };
/* End PBXFileReference section */

/* Begin PBXFrameworksBuildPhase section */
		F31552B829ADBE7000CE5920 /* Frameworks */ = {
			isa = PBXFrameworksBuildPhase;
			buildActionMask = 2147483647;
			files = (
				F31552D029ADBF7B00CE5920 /* FirebaseFirestore in Frameworks */,
				F31552D229ADBF7B00CE5920 /* FirebaseFirestoreSwift in Frameworks */,
			);
			runOnlyForDeploymentPostprocessing = 0;
		};
/* End PBXFrameworksBuildPhase section */

/* Begin PBXGroup section */
		F31552B229ADBE7000CE5920 = {
			isa = PBXGroup;
			children = (
				F31552BD29ADBE7000CE5920 /* SimpleMyChat */,
				F31552BC29ADBE7000CE5920 /* Products */,
			);
			sourceTree = "<group>";
		};
		F31552BC29ADBE7000CE5920 /* Products */ = {
			isa = PBXGroup;
			children = (
				F31552BB29ADBE7000CE5920 /* SimpleMyChat.app */,
			);
			name = Products;
			sourceTree = "<group>";
		};
		F31552BD29ADBE7000CE5920 /* SimpleMyChat */ = {
			isa = PBXGroup;
			children = (
				F35797A329B1D023004413B6 /* GoogleService-Info.plist */,
				F31552D329ADC10100CE5920 /* Chat */,
				F31552BE29ADBE7000CE5920 /* SimpleMyChatApp.swift */,
				F31552C029ADBE7000CE5920 /* ContentView.swift */,
				F31552C229ADBE7100CE5920 /* Assets.xcassets */,
				F31552C429ADBE7100CE5920 /* Preview Content */,
				BA58AA7A29AF57670017E59D /* MainView.swift */,
			);
			path = SimpleMyChat;
			sourceTree = "<group>";
		};
		F31552C429ADBE7100CE5920 /* Preview Content */ = {
			isa = PBXGroup;
			children = (
				F31552C529ADBE7100CE5920 /* Preview Assets.xcassets */,
			);
			path = "Preview Content";
			sourceTree = "<group>";
		};
		F31552D329ADC10100CE5920 /* Chat */ = {
			isa = PBXGroup;
			children = (
				F31552D429ADC11B00CE5920 /* ChatDataManager.swift */,
				F31552D629ADC2FB00CE5920 /* ChatStruct.swift */,
				BA38365329AF41D000B89E6A /* ContentMsgView.swift */,
				BA38365529AF447300B89E6A /* MessageView.swift */,
				BA58AA7829AF4E370017E59D /* ChatView.swift */,
			);
			path = Chat;
			sourceTree = "<group>";
		};
/* End PBXGroup section */

/* Begin PBXNativeTarget section */
		F31552BA29ADBE7000CE5920 /* SimpleMyChat */ = {
			isa = PBXNativeTarget;
			buildConfigurationList = F31552C929ADBE7100CE5920 /* Build configuration list for PBXNativeTarget "SimpleMyChat" */;
			buildPhases = (
				F31552B729ADBE7000CE5920 /* Sources */,
				F31552B829ADBE7000CE5920 /* Frameworks */,
				F31552B929ADBE7000CE5920 /* Resources */,
			);
			buildRules = (
			);
			dependencies = (
			);
			name = SimpleMyChat;
			packageProductDependencies = (
				F31552CF29ADBF7B00CE5920 /* FirebaseFirestore */,
				F31552D129ADBF7B00CE5920 /* FirebaseFirestoreSwift */,
			);
			productName = SimpleMyChat;
			productReference = F31552BB29ADBE7000CE5920 /* SimpleMyChat.app */;
			productType = "com.apple.product-type.application";
		};
/* End PBXNativeTarget section */

/* Begin PBXProject section */
		F31552B329ADBE7000CE5920 /* Project object */ = {
			isa = PBXProject;
			attributes = {
				BuildIndependentTargetsInParallel = 1;
				LastSwiftUpdateCheck = 1420;
				LastUpgradeCheck = 1420;
				TargetAttributes = {
					F31552BA29ADBE7000CE5920 = {
						CreatedOnToolsVersion = 14.2;
					};
				};
			};
			buildConfigurationList = F31552B629ADBE7000CE5920 /* Build configuration list for PBXProject "SimpleMyChat" */;
			compatibilityVersion = "Xcode 14.0";
			developmentRegion = en;
			hasScannedForEncodings = 0;
			knownRegions = (
				en,
				Base,
			);
			mainGroup = F31552B229ADBE7000CE5920;
			packageReferences = (
				F31552CE29ADBF7B00CE5920 /* XCRemoteSwiftPackageReference "firebase-ios-sdk" */,
			);
			productRefGroup = F31552BC29ADBE7000CE5920 /* Products */;
			projectDirPath = "";
			projectRoot = "";
			targets = (
				F31552BA29ADBE7000CE5920 /* SimpleMyChat */,
			);
		};
/* End PBXProject section */

/* Begin PBXResourcesBuildPhase section */
		F31552B929ADBE7000CE5920 /* Resources */ = {
			isa = PBXResourcesBuildPhase;
			buildActionMask = 2147483647;
			files = (
				F31552C629ADBE7100CE5920 /* Preview Assets.xcassets in Resources */,
				F35797A429B1D023004413B6 /* GoogleService-Info.plist in Resources */,
				F31552C329ADBE7100CE5920 /* Assets.xcassets in Resources */,
			);
			runOnlyForDeploymentPostprocessing = 0;
		};
/* End PBXResourcesBuildPhase section */

/* Begin PBXSourcesBuildPhase section */
		F31552B729ADBE7000CE5920 /* Sources */ = {
			isa = PBXSourcesBuildPhase;
			buildActionMask = 2147483647;
			files = (
				BA38365629AF447300B89E6A /* MessageView.swift in Sources */,
				BA58AA7B29AF57670017E59D /* MainView.swift in Sources */,
				F31552C129ADBE7000CE5920 /* ContentView.swift in Sources */,
				F31552D729ADC2FB00CE5920 /* ChatStruct.swift in Sources */,
				F31552D529ADC11B00CE5920 /* ChatDataManager.swift in Sources */,
				BA58AA7929AF4E370017E59D /* ChatView.swift in Sources */,
				BA38365429AF41D000B89E6A /* ContentMsgView.swift in Sources */,
				F31552BF29ADBE7000CE5920 /* SimpleMyChatApp.swift in Sources */,
			);
			runOnlyForDeploymentPostprocessing = 0;
		};
/* End PBXSourcesBuildPhase section */

/* Begin XCBuildConfiguration section */
		F31552C729ADBE7100CE5920 /* Debug */ = {
			isa = XCBuildConfiguration;
			buildSettings = {
				ALWAYS_SEARCH_USER_PATHS = NO;
				CLANG_ANALYZER_NONNULL = YES;
				CLANG_ANALYZER_NUMBER_OBJECT_CONVERSION = YES_AGGRESSIVE;
				CLANG_CXX_LANGUAGE_STANDARD = "gnu++20";
				CLANG_ENABLE_MODULES = YES;
				CLANG_ENABLE_OBJC_ARC = YES;
				CLANG_ENABLE_OBJC_WEAK = YES;
				CLANG_WARN_BLOCK_CAPTURE_AUTORELEASING = YES;
				CLANG_WARN_BOOL_CONVERSION = YES;
				CLANG_WARN_COMMA = YES;
				CLANG_WARN_CONSTANT_CONVERSION = YES;
				CLANG_WARN_DEPRECATED_OBJC_IMPLEMENTATIONS = YES;
				CLANG_WARN_DIRECT_OBJC_ISA_USAGE = YES_ERROR;
				CLANG_WARN_DOCUMENTATION_COMMENTS = YES;
				CLANG_WARN_EMPTY_BODY = YES;
				CLANG_WARN_ENUM_CONVERSION = YES;
				CLANG_WARN_INFINITE_RECURSION = YES;
				CLANG_WARN_INT_CONVERSION = YES;
				CLANG_WARN_NON_LITERAL_NULL_CONVERSION = YES;
				CLANG_WARN_OBJC_IMPLICIT_RETAIN_SELF = YES;
				CLANG_WARN_OBJC_LITERAL_CONVERSION = YES;
				CLANG_WARN_OBJC_ROOT_CLASS = YES_ERROR;
				CLANG_WARN_QUOTED_INCLUDE_IN_FRAMEWORK_HEADER = YES;
				CLANG_WARN_RANGE_LOOP_ANALYSIS = YES;
				CLANG_WARN_STRICT_PROTOTYPES = YES;
				CLANG_WARN_SUSPICIOUS_MOVE = YES;
				CLANG_WARN_UNGUARDED_AVAILABILITY = YES_AGGRESSIVE;
				CLANG_WARN_UNREACHABLE_CODE = YES;
				CLANG_WARN__DUPLICATE_METHOD_MATCH = YES;
				COPY_PHASE_STRIP = NO;
				DEBUG_INFORMATION_FORMAT = dwarf;
				ENABLE_STRICT_OBJC_MSGSEND = YES;
				ENABLE_TESTABILITY = YES;
				GCC_C_LANGUAGE_STANDARD = gnu11;
				GCC_DYNAMIC_NO_PIC = NO;
				GCC_NO_COMMON_BLOCKS = YES;
				GCC_OPTIMIZATION_LEVEL = 0;
				GCC_PREPROCESSOR_DEFINITIONS = (
					"DEBUG=1",
					"$(inherited)",
				);
				GCC_WARN_64_TO_32_BIT_CONVERSION = YES;
				GCC_WARN_ABOUT_RETURN_TYPE = YES_ERROR;
				GCC_WARN_UNDECLARED_SELECTOR = YES;
				GCC_WARN_UNINITIALIZED_AUTOS = YES_AGGRESSIVE;
				GCC_WARN_UNUSED_FUNCTION = YES;
				GCC_WARN_UNUSED_VARIABLE = YES;
				IPHONEOS_DEPLOYMENT_TARGET = 16.2;
				MTL_ENABLE_DEBUG_INFO = INCLUDE_SOURCE;
				MTL_FAST_MATH = YES;
				ONLY_ACTIVE_ARCH = YES;
				SDKROOT = iphoneos;
				SWIFT_ACTIVE_COMPILATION_CONDITIONS = DEBUG;
				SWIFT_OPTIMIZATION_LEVEL = "-Onone";
			};
			name = Debug;
		};
		F31552C829ADBE7100CE5920 /* Release */ = {
			isa = XCBuildConfiguration;
			buildSettings = {
				ALWAYS_SEARCH_USER_PATHS = NO;
				CLANG_ANALYZER_NONNULL = YES;
				CLANG_ANALYZER_NUMBER_OBJECT_CONVERSION = YES_AGGRESSIVE;
				CLANG_CXX_LANGUAGE_STANDARD = "gnu++20";
				CLANG_ENABLE_MODULES = YES;
				CLANG_ENABLE_OBJC_ARC = YES;
				CLANG_ENABLE_OBJC_WEAK = YES;
				CLANG_WARN_BLOCK_CAPTURE_AUTORELEASING = YES;
				CLANG_WARN_BOOL_CONVERSION = YES;
				CLANG_WARN_COMMA = YES;
				CLANG_WARN_CONSTANT_CONVERSION = YES;
				CLANG_WARN_DEPRECATED_OBJC_IMPLEMENTATIONS = YES;
				CLANG_WARN_DIRECT_OBJC_ISA_USAGE = YES_ERROR;
				CLANG_WARN_DOCUMENTATION_COMMENTS = YES;
				CLANG_WARN_EMPTY_BODY = YES;
				CLANG_WARN_ENUM_CONVERSION = YES;
				CLANG_WARN_INFINITE_RECURSION = YES;
				CLANG_WARN_INT_CONVERSION = YES;
				CLANG_WARN_NON_LITERAL_NULL_CONVERSION = YES;
				CLANG_WARN_OBJC_IMPLICIT_RETAIN_SELF = YES;
				CLANG_WARN_OBJC_LITERAL_CONVERSION = YES;
				CLANG_WARN_OBJC_ROOT_CLASS = YES_ERROR;
				CLANG_WARN_QUOTED_INCLUDE_IN_FRAMEWORK_HEADER = YES;
				CLANG_WARN_RANGE_LOOP_ANALYSIS = YES;
				CLANG_WARN_STRICT_PROTOTYPES = YES;
				CLANG_WARN_SUSPICIOUS_MOVE = YES;
				CLANG_WARN_UNGUARDED_AVAILABILITY = YES_AGGRESSIVE;
				CLANG_WARN_UNREACHABLE_CODE = YES;
				CLANG_WARN__DUPLICATE_METHOD_MATCH = YES;
				COPY_PHASE_STRIP = NO;
				DEBUG_INFORMATION_FORMAT = "dwarf-with-dsym";
				ENABLE_NS_ASSERTIONS = NO;
				ENABLE_STRICT_OBJC_MSGSEND = YES;
				GCC_C_LANGUAGE_STANDARD = gnu11;
				GCC_NO_COMMON_BLOCKS = YES;
				GCC_WARN_64_TO_32_BIT_CONVERSION = YES;
				GCC_WARN_ABOUT_RETURN_TYPE = YES_ERROR;
				GCC_WARN_UNDECLARED_SELECTOR = YES;
				GCC_WARN_UNINITIALIZED_AUTOS = YES_AGGRESSIVE;
				GCC_WARN_UNUSED_FUNCTION = YES;
				GCC_WARN_UNUSED_VARIABLE = YES;
				IPHONEOS_DEPLOYMENT_TARGET = 16.2;
				MTL_ENABLE_DEBUG_INFO = NO;
				MTL_FAST_MATH = YES;
				SDKROOT = iphoneos;
				SWIFT_COMPILATION_MODE = wholemodule;
				SWIFT_OPTIMIZATION_LEVEL = "-O";
				VALIDATE_PRODUCT = YES;
			};
			name = Release;
		};
		F31552CA29ADBE7100CE5920 /* Debug */ = {
			isa = XCBuildConfiguration;
			buildSettings = {
				ASSETCATALOG_COMPILER_APPICON_NAME = AppIcon;
				ASSETCATALOG_COMPILER_GLOBAL_ACCENT_COLOR_NAME = AccentColor;
				CODE_SIGN_STYLE = Automatic;
				CURRENT_PROJECT_VERSION = 1;
				DEVELOPMENT_ASSET_PATHS = "\"SimpleMyChat/Preview Content\"";
				DEVELOPMENT_TEAM = ZX8V36P46K;
				ENABLE_PREVIEWS = YES;
				GENERATE_INFOPLIST_FILE = YES;
				INFOPLIST_KEY_UIApplicationSceneManifest_Generation = YES;
				INFOPLIST_KEY_UIApplicationSupportsIndirectInputEvents = YES;
				INFOPLIST_KEY_UILaunchScreen_Generation = YES;
				INFOPLIST_KEY_UISupportedInterfaceOrientations_iPad = "UIInterfaceOrientationPortrait UIInterfaceOrientationPortraitUpsideDown UIInterfaceOrientationLandscapeLeft UIInterfaceOrientationLandscapeRight";
				INFOPLIST_KEY_UISupportedInterfaceOrientations_iPhone = "UIInterfaceOrientationPortrait UIInterfaceOrientationLandscapeLeft UIInterfaceOrientationLandscapeRight";
				LD_RUNPATH_SEARCH_PATHS = (
					"$(inherited)",
					"@executable_path/Frameworks",
				);
				MARKETING_VERSION = 1.0;
				PRODUCT_BUNDLE_IDENTIFIER = com.moon.SimpleMyChat;
				PRODUCT_NAME = "$(TARGET_NAME)";
				SWIFT_EMIT_LOC_STRINGS = YES;
				SWIFT_VERSION = 5.0;
				TARGETED_DEVICE_FAMILY = "1,2";
			};
			name = Debug;
		};
		F31552CB29ADBE7100CE5920 /* Release */ = {
			isa = XCBuildConfiguration;
			buildSettings = {
				ASSETCATALOG_COMPILER_APPICON_NAME = AppIcon;
				ASSETCATALOG_COMPILER_GLOBAL_ACCENT_COLOR_NAME = AccentColor;
				CODE_SIGN_STYLE = Automatic;
				CURRENT_PROJECT_VERSION = 1;
				DEVELOPMENT_ASSET_PATHS = "\"SimpleMyChat/Preview Content\"";
				DEVELOPMENT_TEAM = ZX8V36P46K;
				ENABLE_PREVIEWS = YES;
				GENERATE_INFOPLIST_FILE = YES;
				INFOPLIST_KEY_UIApplicationSceneManifest_Generation = YES;
				INFOPLIST_KEY_UIApplicationSupportsIndirectInputEvents = YES;
				INFOPLIST_KEY_UILaunchScreen_Generation = YES;
				INFOPLIST_KEY_UISupportedInterfaceOrientations_iPad = "UIInterfaceOrientationPortrait UIInterfaceOrientationPortraitUpsideDown UIInterfaceOrientationLandscapeLeft UIInterfaceOrientationLandscapeRight";
				INFOPLIST_KEY_UISupportedInterfaceOrientations_iPhone = "UIInterfaceOrientationPortrait UIInterfaceOrientationLandscapeLeft UIInterfaceOrientationLandscapeRight";
				LD_RUNPATH_SEARCH_PATHS = (
					"$(inherited)",
					"@executable_path/Frameworks",
				);
				MARKETING_VERSION = 1.0;
				PRODUCT_BUNDLE_IDENTIFIER = com.moon.SimpleMyChat;
				PRODUCT_NAME = "$(TARGET_NAME)";
				SWIFT_EMIT_LOC_STRINGS = YES;
				SWIFT_VERSION = 5.0;
				TARGETED_DEVICE_FAMILY = "1,2";
			};
			name = Release;
		};
/* End XCBuildConfiguration section */

/* Begin XCConfigurationList section */
		F31552B629ADBE7000CE5920 /* Build configuration list for PBXProject "SimpleMyChat" */ = {
			isa = XCConfigurationList;
			buildConfigurations = (
				F31552C729ADBE7100CE5920 /* Debug */,
				F31552C829ADBE7100CE5920 /* Release */,
			);
			defaultConfigurationIsVisible = 0;
			defaultConfigurationName = Release;
		};
		F31552C929ADBE7100CE5920 /* Build configuration list for PBXNativeTarget "SimpleMyChat" */ = {
			isa = XCConfigurationList;
			buildConfigurations = (
				F31552CA29ADBE7100CE5920 /* Debug */,
				F31552CB29ADBE7100CE5920 /* Release */,
			);
			defaultConfigurationIsVisible = 0;
			defaultConfigurationName = Release;
		};
/* End XCConfigurationList section */

/* Begin XCRemoteSwiftPackageReference section */
		F31552CE29ADBF7B00CE5920 /* XCRemoteSwiftPackageReference "firebase-ios-sdk" */ = {
			isa = XCRemoteSwiftPackageReference;
			repositoryURL = "https://github.com/firebase/firebase-ios-sdk";
			requirement = {
				kind = upToNextMajorVersion;
				minimumVersion = 9.0.0;
			};
		};
/* End XCRemoteSwiftPackageReference section */

/* Begin XCSwiftPackageProductDependency section */
		F31552CF29ADBF7B00CE5920 /* FirebaseFirestore */ = {
			isa = XCSwiftPackageProductDependency;
			package = F31552CE29ADBF7B00CE5920 /* XCRemoteSwiftPackageReference "firebase-ios-sdk" */;
			productName = FirebaseFirestore;
		};
		F31552D129ADBF7B00CE5920 /* FirebaseFirestoreSwift */ = {
			isa = XCSwiftPackageProductDependency;
			package = F31552CE29ADBF7B00CE5920 /* XCRemoteSwiftPackageReference "firebase-ios-sdk" */;
			productName = FirebaseFirestoreSwift;
		};
/* End XCSwiftPackageProductDependency section */
	};
	rootObject = F31552B329ADBE7000CE5920 /* Project object */;
}
